
Microsoft Visual Studio Solution File, Format Version 12.00
# Visual Studio Version 16
VisualStudioVersion = 16.0.30114.105
MinimumVisualStudioVersion = 10.0.40219.1
Project("{2150E333-8FDC-42A3-9474-1A3956D46DE8}") = "src", "src", "{3C2291B3-15A4-4DA6-90C8-626FDAB3EDE2}"
EndProject
Project("{FAE04EC0-301F-11D3-BF4B-00C04F79EFBC}") = "PruebaBackAPI", "src\PruebaBackAPI\PruebaBackAPI.csproj", "{8C356B6F-EF64-4D68-BF87-67B7C5C40910}"
EndProject
Project("{2150E333-8FDC-42A3-9474-1A3956D46DE8}") = "test", "test", "{D077BEA1-677B-446C-952A-29C8B385228C}"
EndProject
Project("{FAE04EC0-301F-11D3-BF4B-00C04F79EFBC}") = "PruebaBack.Tests", "test\PruebaBack.Tests\PruebaBack.Tests.csproj", "{36B0748D-FC25-4D3C-83B6-2F82FB705A19}"
EndProject
Global
	GlobalSection(SolutionConfigurationPlatforms) = preSolution
		Debug|Any CPU = Debug|Any CPU
		Release|Any CPU = Release|Any CPU
	EndGlobalSection
	GlobalSection(SolutionProperties) = preSolution
		HideSolutionNode = FALSE
	EndGlobalSection
	GlobalSection(ProjectConfigurationPlatforms) = postSolution
		{8C356B6F-EF64-4D68-BF87-67B7C5C40910}.Debug|Any CPU.ActiveCfg = Debug|Any CPU
		{8C356B6F-EF64-4D68-BF87-67B7C5C40910}.Debug|Any CPU.Build.0 = Debug|Any CPU
		{8C356B6F-EF64-4D68-BF87-67B7C5C40910}.Release|Any CPU.ActiveCfg = Release|Any CPU
		{8C356B6F-EF64-4D68-BF87-67B7C5C40910}.Release|Any CPU.Build.0 = Release|Any CPU
		{36B0748D-FC25-4D3C-83B6-2F82FB705A19}.Debug|Any CPU.ActiveCfg = Debug|Any CPU
		{36B0748D-FC25-4D3C-83B6-2F82FB705A19}.Debug|Any CPU.Build.0 = Debug|Any CPU
		{36B0748D-FC25-4D3C-83B6-2F82FB705A19}.Release|Any CPU.ActiveCfg = Release|Any CPU
		{36B0748D-FC25-4D3C-83B6-2F82FB705A19}.Release|Any CPU.Build.0 = Release|Any CPU
	EndGlobalSection
	GlobalSection(NestedProjects) = preSolution
		{8C356B6F-EF64-4D68-BF87-67B7C5C40910} = {3C2291B3-15A4-4DA6-90C8-626FDAB3EDE2}
		{36B0748D-FC25-4D3C-83B6-2F82FB705A19} = {D077BEA1-677B-446C-952A-29C8B385228C}
	EndGlobalSection
EndGlobal
